
Microsoft Visual Studio Solution File, Format Version 12.00
# Visual Studio Version 16
VisualStudioVersion = 16.0.29009.5
MinimumVisualStudioVersion = 10.0.40219.1
Project("{FAE04EC0-301F-11D3-BF4B-00C04F79EFBC}") = "LapTrinhHuongDoiTuong", "LapTrinhHuongDoiTuong\LapTrinhHuongDoiTuong.csproj", "{353A2462-1D2F-403B-802B-9DB0F4178A78}"
EndProject
Global
	GlobalSection(SolutionConfigurationPlatforms) = preSolution
		Debug|Any CPU = Debug|Any CPU
		Release|Any CPU = Release|Any CPU
	EndGlobalSection
	GlobalSection(ProjectConfigurationPlatforms) = postSolution
		{353A2462-1D2F-403B-802B-9DB0F4178A78}.Debug|Any CPU.ActiveCfg = Debug|Any CPU
		{353A2462-1D2F-403B-802B-9DB0F4178A78}.Debug|Any CPU.Build.0 = Debug|Any CPU
		{353A2462-1D2F-403B-802B-9DB0F4178A78}.Release|Any CPU.ActiveCfg = Release|Any CPU
		{353A2462-1D2F-403B-802B-9DB0F4178A78}.Release|Any CPU.Build.0 = Release|Any CPU
	EndGlobalSection
	GlobalSection(SolutionProperties) = preSolution
		HideSolutionNode = FALSE
	EndGlobalSection
	GlobalSection(ExtensibilityGlobals) = postSolution
		SolutionGuid = {21F2A6C1-2940-4476-BAD0-52A94F2ED398}
	EndGlobalSection
EndGlobal
